
Microsoft Visual Studio Solution File, Format Version 12.00
# Visual Studio Version 16
VisualStudioVersion = 16.0.31129.286
MinimumVisualStudioVersion = 10.0.40219.1
Project("{9A19103F-16F7-4668-BE54-9A1E7A4F7556}") = "MarsRovers", "MarsRovers\MarsRovers.csproj", "{35B87E8F-B3D4-458D-B9FB-9D7951016A62}"
EndProject
Project("{9A19103F-16F7-4668-BE54-9A1E7A4F7556}") = "NASANavigatorLibrary", "NASANavigatorLibrary\NASANavigatorLibrary.csproj", "{54D34733-0054-4D26-AB8D-A6B175784DB0}"
EndProject
Global
	GlobalSection(SolutionConfigurationPlatforms) = preSolution
		Debug|Any CPU = Debug|Any CPU
		Release|Any CPU = Release|Any CPU
	EndGlobalSection
	GlobalSection(ProjectConfigurationPlatforms) = postSolution
		{35B87E8F-B3D4-458D-B9FB-9D7951016A62}.Debug|Any CPU.ActiveCfg = Debug|Any CPU
		{35B87E8F-B3D4-458D-B9FB-9D7951016A62}.Debug|Any CPU.Build.0 = Debug|Any CPU
		{35B87E8F-B3D4-458D-B9FB-9D7951016A62}.Release|Any CPU.ActiveCfg = Release|Any CPU
		{35B87E8F-B3D4-458D-B9FB-9D7951016A62}.Release|Any CPU.Build.0 = Release|Any CPU
		{54D34733-0054-4D26-AB8D-A6B175784DB0}.Debug|Any CPU.ActiveCfg = Debug|Any CPU
		{54D34733-0054-4D26-AB8D-A6B175784DB0}.Debug|Any CPU.Build.0 = Debug|Any CPU
		{54D34733-0054-4D26-AB8D-A6B175784DB0}.Release|Any CPU.ActiveCfg = Release|Any CPU
		{54D34733-0054-4D26-AB8D-A6B175784DB0}.Release|Any CPU.Build.0 = Release|Any CPU
	EndGlobalSection
	GlobalSection(SolutionProperties) = preSolution
		HideSolutionNode = FALSE
	EndGlobalSection
	GlobalSection(ExtensibilityGlobals) = postSolution
		SolutionGuid = {79C30239-2BB4-4052-9CDA-DF9C2CD4F74E}
	EndGlobalSection
EndGlobal
